
Microsoft Visual Studio Solution File, Format Version 12.00
# Visual Studio Version 17
VisualStudioVersion = 17.13.35825.156 d17.13
MinimumVisualStudioVersion = 10.0.40219.1
Project("{FAE04EC0-301F-11D3-BF4B-00C04F79EFBC}") = "tpmodul5_2211104030", "tpmodul5_2211104030.csproj", "{D36C77DD-D886-431C-9D23-59932B723E8C}"
EndProject
Global
	GlobalSection(SolutionConfigurationPlatforms) = preSolution
		Debug|Any CPU = Debug|Any CPU
		Release|Any CPU = Release|Any CPU
	EndGlobalSection
	GlobalSection(ProjectConfigurationPlatforms) = postSolution
		{D36C77DD-D886-431C-9D23-59932B723E8C}.Debug|Any CPU.ActiveCfg = Debug|Any CPU
		{D36C77DD-D886-431C-9D23-59932B723E8C}.Debug|Any CPU.Build.0 = Debug|Any CPU
		{D36C77DD-D886-431C-9D23-59932B723E8C}.Release|Any CPU.ActiveCfg = Release|Any CPU
		{D36C77DD-D886-431C-9D23-59932B723E8C}.Release|Any CPU.Build.0 = Release|Any CPU
	EndGlobalSection
	GlobalSection(SolutionProperties) = preSolution
		HideSolutionNode = FALSE
	EndGlobalSection
	GlobalSection(ExtensibilityGlobals) = postSolution
		SolutionGuid = {04914583-5E02-43E3-A7B4-546725233DAA}
	EndGlobalSection
EndGlobal
